
Microsoft Visual Studio Solution File, Format Version 12.00
# Visual Studio Version 16
VisualStudioVersion = 16.0.30503.244
MinimumVisualStudioVersion = 10.0.40219.1
Project("{FAE04EC0-301F-11D3-BF4B-00C04F79EFBC}") = "Vitec_Tietomitta", "Vitec_Tietomitta\Vitec_Tietomitta.csproj", "{7D77A01A-E125-46CD-A0AF-069FA673C1F2}"
EndProject
Global
	GlobalSection(SolutionConfigurationPlatforms) = preSolution
		Debug|Any CPU = Debug|Any CPU
		Release|Any CPU = Release|Any CPU
	EndGlobalSection
	GlobalSection(ProjectConfigurationPlatforms) = postSolution
		{7D77A01A-E125-46CD-A0AF-069FA673C1F2}.Debug|Any CPU.ActiveCfg = Debug|Any CPU
		{7D77A01A-E125-46CD-A0AF-069FA673C1F2}.Debug|Any CPU.Build.0 = Debug|Any CPU
		{7D77A01A-E125-46CD-A0AF-069FA673C1F2}.Release|Any CPU.ActiveCfg = Release|Any CPU
		{7D77A01A-E125-46CD-A0AF-069FA673C1F2}.Release|Any CPU.Build.0 = Release|Any CPU
	EndGlobalSection
	GlobalSection(SolutionProperties) = preSolution
		HideSolutionNode = FALSE
	EndGlobalSection
	GlobalSection(ExtensibilityGlobals) = postSolution
		SolutionGuid = {163386CC-2BC1-4FE1-954F-A78B8625697E}
	EndGlobalSection
EndGlobal
